# THIS IS AN AUTOGENERATED FILE. DO NOT EDIT THIS FILE DIRECTLY.
assets/asili-design.js:
  development: 2017-10-23T15:56:30+13:00   ae74075a2024e62c3c30bf86ee46a018
assets/asili-design.scss.liquid:
  development: 2017-11-07T16:58:24+13:00   7680dd548694b83a7fd5225a9e75b028
assets/img-asili-logo-light.png:
  development: 2017-11-04T11:34:02+13:00   0a957cb89072abad27f71e1c0e5676cb
assets/img-asili-logo.png:
  development: 2017-10-20T22:52:56-04:00   4ef3d1fec4e65f8fc20970776112840d
assets/img-materials-cover.jpg:
  development: 2017-10-28T13:01:00+13:00   33060dcffd1f1b46c8a267ed897c6c0f
assets/img-materials-estha-bowl.jpg:
  development: 2017-10-28T13:40:40+13:00   557d6aad6f09a93d709eb772675d1e92
assets/img-materials-frank-bowl.jpg:
  development: 2017-10-28T14:07:50+13:00   f4c5f27362eabffcd7626f2a6cf72619
assets/img-materials-horn.jpg:
  development: 2017-10-28T13:52:32+13:00   10496236209750ddea0932cc90cd2edf
assets/img-materials-ido-tumbler.jpg:
  development: 2017-10-28T13:58:06+13:00   4409eea5764497dc516f60c0f94c442a
assets/img-materials-ido-vase.jpg:
  development: 2017-10-28T13:58:39+13:00   99d0a5ed3a621f0c4697eb6aca9804c3
assets/img-materials-okema-spoons.jpg:
  development: 2017-10-28T14:06:34+13:00   f411ff9143a44fa74ad18620d9b77bc2
assets/img-materials-squared-frank-bowl.jpg:
  development: 2017-10-28T14:07:23+13:00   4e2a89b8f3f8ebd4bbf3970cd4b9c8a0
assets/img-materials-stone.jpg:
  development: 2017-10-28T13:19:59+13:00   42b3620b2dcf0b30bdd5bf95a5e34dd2
assets/img-materials-tom-dish.jpg:
  development: 2017-10-28T13:41:29+13:00   91f38a39701b4bc99f30f55967f8f37d
assets/img-navigation-journal.jpg:
  development: 2017-10-21T22:48:02+13:00   db0d411d473b5087e6b977fe2c4a3348
assets/img-navigation-store.jpg:
  development: 2017-10-21T22:44:03+13:00   97c4cae494a505e14e1e8246ce07d2bf
assets/video-homepage.jpg:
  development: 2017-10-23T13:38:26+13:00   5028c2bb666a392bbbe5246756d4eaf0
assets/video-homepage.mp4:
  development: 2017-10-23T13:36:23+13:00   1e6ba75f442881168abda857824b4df5
config/settings_schema.json:
  development: 2017-10-23T11:41:33+13:00   b31e7727689eeeb0653ab53c84a394fb
layout/theme.liquid:
  development: 2017-11-04T22:41:10+13:00   686d1cf93db2db28826ceb618c66a839
snippets/background-color.liquid:
  development: 2017-11-04T11:01:25+13:00   5cfcc5e6b49ffe5f766b2bc773450c51
snippets/collection-listing.liquid:
  development: 2017-10-23T16:32:20+13:00   191d9f9b70a811d8c0261d472c2ee21e
snippets/footer.liquid:
  development: 2017-10-21T23:32:09+13:00   9651849fa89980fb123ac2df9c6fb225
snippets/navbar.liquid:
  development: 2017-11-04T18:30:36+13:00   0997653d16cb5b87d57aa9bd0f0fd15e
snippets/product-list.liquid:
  development: 2017-10-23T17:10:04+13:00   25d8020a427eb70f48d91a5e5fa76c7b
snippets/product.liquid:
  development: 2017-11-04T10:26:28+13:00   853a6ba046ef4ca76b82b54693c508c0
snippets/slideshow.liquid:
  development: 2017-10-23T13:45:47+13:00   df6c26d039acae49c64813ec94190cb8
snippets/tag-list.liquid:
  development: 2017-10-23T13:46:09+13:00   5fa49e81302964cd001a4b6af8a4ba8f
templates/404.liquid:
  development: 2017-10-23T16:31:48+13:00   d391708ab402823fb49ac28c6cffc1f1
templates/article.liquid:
  development: 2017-10-23T11:17:14+13:00   29d475d52e9a9f0676fa4dda63b3ed9a
templates/blog.liquid:
  development: 2017-10-23T14:04:58+13:00   09726d0cb915f51a540e5d15dd425a6b
templates/cart.liquid:
  development: 2017-10-23T16:39:14+13:00   adf4e0fe131fffe5d986a38ad4e46aca
templates/collection.liquid:
  development: 2017-10-23T16:58:35+13:00   4ca035d6c315572f53c08bd5e20defcc
templates/customers/account.liquid:
  development: 2017-11-06T10:55:19+13:00   a07e34d7f20747fc77e4d740049d903d
templates/customers/addresses.liquid:
  development: 2017-11-04T20:12:24+13:00   5b5a703d5dbb68f95d83ab70fe5b4e92
templates/customers/login.liquid:
  development: 2017-11-04T16:24:59+13:00   056ab4bdd88831e0f04805d0f91d4fc3
templates/customers/register.liquid:
  development: 2017-11-04T18:27:17+13:00   5b124c18a8792e5273d58e59e5b40dae
templates/index.liquid:
  development: 2017-11-04T22:39:08+13:00   33de461829ec7906dadbddbc4ebc69d5
templates/page.contact.liquid:
  development: 2017-11-06T17:21:49+13:00   6e2cb9ba4320af1efc1676545a273481
templates/page.liquid:
  development: 2017-11-06T11:03:58+13:00   317874a95c7e2bd005de086d4b563cc6
templates/page.materials.liquid:
  development: 2017-11-06T11:04:31+13:00   d900710f4d5bf9fa67157cfe7a7dc1c5
templates/product.liquid:
  development: 2017-11-07T16:59:05+13:00   d709b1d5649e6cc31ea32e9b98736b15
templates/search.liquid:
  development: 2017-11-04T22:15:42+13:00   d0c3b3bc2eff65feb05545a59db77365
