# THIS IS AN AUTOGENERATED FILE. DO NOT EDIT THIS FILE DIRECTLY.
assets/asili-design.js:
  development: 2017-10-23T10:00:12+13:00   bfdcf0df23609a89441b4796b27ff3ba
assets/asili-design.scss.liquid:
  development: 2017-10-23T10:27:56+13:00   d368bbe183a8751d9669d0f7094c39b5
assets/img-asili-logo.png:
  development: 2017-10-20T22:52:56-04:00   4ef3d1fec4e65f8fc20970776112840d
assets/img-navigation-journal.jpg:
  development: 2017-10-21T22:48:02+13:00   db0d411d473b5087e6b977fe2c4a3348
assets/img-navigation-store.jpg:
  development: 2017-10-21T22:44:03+13:00   97c4cae494a505e14e1e8246ce07d2bf
assets/video-homepage.jpg:
  development: 2017-10-21T23:24:04+13:00   37d062c03788285e0f1d486e4216fe7d
assets/video-homepage.mp4:
  development: 2017-10-21T23:42:45+13:00   8cfe9980cb734f78100050d89d6ed606
config/settings_schema.json:
  development: 2017-10-20T22:52:02-04:00   2e1f3501d13cff70ecf288c14ef3e6d4
layout/theme.liquid:
  development: 2017-10-21T23:33:05+13:00   1fca0a455fae5f17fcf779f7a7cac8a4
snippets/footer.liquid:
  development: 2017-10-21T23:32:09+13:00   9651849fa89980fb123ac2df9c6fb225
snippets/navbar.liquid:
  development: 2017-10-23T10:22:40+13:00   016ea7d54abd4b092d1a3d4541492c34
templates/index.liquid:
  development: 2017-10-23T10:19:53+13:00   3c4c46eb4c599b03d76b008a1f6bf671
templates/page.liquid:
  development: 2017-10-23T09:22:02+13:00   a7c29d798641ed5fafaa0957a0f2a80c
