# THIS IS AN AUTOGENERATED FILE. DO NOT EDIT THIS FILE DIRECTLY.
assets/asili-design.js:
  development: 2017-10-20T23:33:49-04:00   1ec37c65294aa3d4a3f3026855f4161d
assets/asili-design.scss.liquid:
  development: 2017-10-21T23:22:43+13:00   01549b745ed08964604431bc31026afb
assets/img-asili-logo.png:
  development: 2017-10-20T22:52:56-04:00   4ef3d1fec4e65f8fc20970776112840d
assets/img-navigation-journal.jpg:
  development: 2017-10-21T22:48:02+13:00   db0d411d473b5087e6b977fe2c4a3348
assets/img-navigation-store.jpg:
  development: 2017-10-21T22:44:03+13:00   97c4cae494a505e14e1e8246ce07d2bf
config/settings_schema.json:
  development: 2017-10-20T22:52:02-04:00   2e1f3501d13cff70ecf288c14ef3e6d4
layout/theme.liquid:
  development: 2017-10-21T22:56:50+13:00   cf89347179339a289d4894d38e7248fd
snippets/navbar.liquid:
  development: 2017-10-21T22:48:13+13:00   03520d5ff6a5061b4454e953dcdc89bc
